// !$*UTF8*$!
{
	archiveVersion = 1;
	classes = {
	};
	objectVersion = 46;
	objects = {

/* Begin PBXBuildFile section */
		A9220936182D512600E322F5 /* UIColor+Crayon.m in Sources */ = {isa = PBXBuildFile; fileRef = A9220935182D512600E322F5 /* UIColor+Crayon.m */; };
		A924F904182510B3001860E2 /* MMJColorPaletteChooserViewController.m in Sources */ = {isa = PBXBuildFile; fileRef = A924F903182510B3001860E2 /* MMJColorPaletteChooserViewController.m */; };
		A924F90B1825144A001860E2 /* MMJColorPaletteViewController.m in Sources */ = {isa = PBXBuildFile; fileRef = A924F90A1825144A001860E2 /* MMJColorPaletteViewController.m */; };
		A924F90E18251529001860E2 /* MMJColorPalettes.m in Sources */ = {isa = PBXBuildFile; fileRef = A924F90D18251529001860E2 /* MMJColorPalettes.m */; };
		A924F91E18251BD7001860E2 /* UIColor+StandardColors.m in Sources */ = {isa = PBXBuildFile; fileRef = A924F91D18251BD7001860E2 /* UIColor+StandardColors.m */; };
		A924F92218251C19001860E2 /* NSString+MethodList.m in Sources */ = {isa = PBXBuildFile; fileRef = A924F92118251C19001860E2 /* NSString+MethodList.m */; };
		A924F92518251C44001860E2 /* NSArray+StringHelper.m in Sources */ = {isa = PBXBuildFile; fileRef = A924F92418251C44001860E2 /* NSArray+StringHelper.m */; };
		A947BB5518264EEA00BB88E7 /* UIColor+HexString.m in Sources */ = {isa = PBXBuildFile; fileRef = A947BB5418264EEA00BB88E7 /* UIColor+HexString.m */; };
		A947BB5E18265E9900BB88E7 /* UIColor+Copic.m in Sources */ = {isa = PBXBuildFile; fileRef = A947BB5718265E9900BB88E7 /* UIColor+Copic.m */; };
		A947BB5F18265E9900BB88E7 /* UIColor+Crayola.m in Sources */ = {isa = PBXBuildFile; fileRef = A947BB5918265E9900BB88E7 /* UIColor+Crayola.m */; };
		A947BB6018265E9900BB88E7 /* UIColor+Html.m in Sources */ = {isa = PBXBuildFile; fileRef = A947BB5B18265E9900BB88E7 /* UIColor+Html.m */; };
		A947BB6118265E9900BB88E7 /* UIColor+Pantone.m in Sources */ = {isa = PBXBuildFile; fileRef = A947BB5D18265E9900BB88E7 /* UIColor+Pantone.m */; };
		A9C709021823BBE5006DC1B5 /* Foundation.framework in Frameworks */ = {isa = PBXBuildFile; fileRef = A9C709011823BBE5006DC1B5 /* Foundation.framework */; };
		A9C709041823BBE5006DC1B5 /* CoreGraphics.framework in Frameworks */ = {isa = PBXBuildFile; fileRef = A9C709031823BBE5006DC1B5 /* CoreGraphics.framework */; };
		A9C709061823BBE5006DC1B5 /* UIKit.framework in Frameworks */ = {isa = PBXBuildFile; fileRef = A9C709051823BBE5006DC1B5 /* UIKit.framework */; };
		A9C7090C1823BBE5006DC1B5 /* InfoPlist.strings in Resources */ = {isa = PBXBuildFile; fileRef = A9C7090A1823BBE5006DC1B5 /* InfoPlist.strings */; };
		A9C7090E1823BBE5006DC1B5 /* main.m in Sources */ = {isa = PBXBuildFile; fileRef = A9C7090D1823BBE5006DC1B5 /* main.m */; };
		A9C709121823BBE5006DC1B5 /* MMJAppDelegate.m in Sources */ = {isa = PBXBuildFile; fileRef = A9C709111823BBE5006DC1B5 /* MMJAppDelegate.m */; };
		A9C709141823BBE5006DC1B5 /* Images.xcassets in Resources */ = {isa = PBXBuildFile; fileRef = A9C709131823BBE5006DC1B5 /* Images.xcassets */; };
		A9C7091B1823BBE5006DC1B5 /* XCTest.framework in Frameworks */ = {isa = PBXBuildFile; fileRef = A9C7091A1823BBE5006DC1B5 /* XCTest.framework */; };
		A9C7091C1823BBE5006DC1B5 /* Foundation.framework in Frameworks */ = {isa = PBXBuildFile; fileRef = A9C709011823BBE5006DC1B5 /* Foundation.framework */; };
		A9C7091D1823BBE5006DC1B5 /* UIKit.framework in Frameworks */ = {isa = PBXBuildFile; fileRef = A9C709051823BBE5006DC1B5 /* UIKit.framework */; };
		A9C709251823BBE5006DC1B5 /* InfoPlist.strings in Resources */ = {isa = PBXBuildFile; fileRef = A9C709231823BBE5006DC1B5 /* InfoPlist.strings */; };
		A9C709271823BBE5006DC1B5 /* ColorPalettesTests.m in Sources */ = {isa = PBXBuildFile; fileRef = A9C709261823BBE5006DC1B5 /* ColorPalettesTests.m */; };
/* End PBXBuildFile section */

/* Begin PBXContainerItemProxy section */
		A9C7091E1823BBE5006DC1B5 /* PBXContainerItemProxy */ = {
			isa = PBXContainerItemProxy;
			containerPortal = A9C708F61823BBE4006DC1B5 /* Project object */;
			proxyType = 1;
			remoteGlobalIDString = A9C708FD1823BBE5006DC1B5;
			remoteInfo = ColorPalettes;
		};
/* End PBXContainerItemProxy section */

/* Begin PBXFileReference section */
		A9220934182D512600E322F5 /* UIColor+Crayon.h */ = {isa = PBXFileReference; fileEncoding = 4; lastKnownFileType = sourcecode.c.h; name = "UIColor+Crayon.h"; path = "Colors/UIColor+Crayon.h"; sourceTree = "<group>"; };
		A9220935182D512600E322F5 /* UIColor+Crayon.m */ = {isa = PBXFileReference; fileEncoding = 4; lastKnownFileType = sourcecode.c.objc; name = "UIColor+Crayon.m"; path = "Colors/UIColor+Crayon.m"; sourceTree = "<group>"; };
		A924F902182510B3001860E2 /* MMJColorPaletteChooserViewController.h */ = {isa = PBXFileReference; fileEncoding = 4; lastKnownFileType = sourcecode.c.h; name = MMJColorPaletteChooserViewController.h; path = ViewControllers/MMJColorPaletteChooserViewController.h; sourceTree = "<group>"; };
		A924F903182510B3001860E2 /* MMJColorPaletteChooserViewController.m */ = {isa = PBXFileReference; fileEncoding = 4; lastKnownFileType = sourcecode.c.objc; name = MMJColorPaletteChooserViewController.m; path = ViewControllers/MMJColorPaletteChooserViewController.m; sourceTree = "<group>"; };
		A924F9091825144A001860E2 /* MMJColorPaletteViewController.h */ = {isa = PBXFileReference; fileEncoding = 4; lastKnownFileType = sourcecode.c.h; name = MMJColorPaletteViewController.h; path = ViewControllers/MMJColorPaletteViewController.h; sourceTree = "<group>"; };
		A924F90A1825144A001860E2 /* MMJColorPaletteViewController.m */ = {isa = PBXFileReference; fileEncoding = 4; lastKnownFileType = sourcecode.c.objc; name = MMJColorPaletteViewController.m; path = ViewControllers/MMJColorPaletteViewController.m; sourceTree = "<group>"; };
		A924F90C18251529001860E2 /* MMJColorPalettes.h */ = {isa = PBXFileReference; fileEncoding = 4; lastKnownFileType = sourcecode.c.h; name = MMJColorPalettes.h; path = Colors/MMJColorPalettes.h; sourceTree = "<group>"; };
		A924F90D18251529001860E2 /* MMJColorPalettes.m */ = {isa = PBXFileReference; fileEncoding = 4; lastKnownFileType = sourcecode.c.objc; name = MMJColorPalettes.m; path = Colors/MMJColorPalettes.m; sourceTree = "<group>"; };
		A924F91C18251BD7001860E2 /* UIColor+StandardColors.h */ = {isa = PBXFileReference; fileEncoding = 4; lastKnownFileType = sourcecode.c.h; name = "UIColor+StandardColors.h"; path = "ColorHelpers/UIColor+StandardColors.h"; sourceTree = "<group>"; };
		A924F91D18251BD7001860E2 /* UIColor+StandardColors.m */ = {isa = PBXFileReference; fileEncoding = 4; lastKnownFileType = sourcecode.c.objc; name = "UIColor+StandardColors.m"; path = "ColorHelpers/UIColor+StandardColors.m"; sourceTree = "<group>"; };
		A924F92018251C19001860E2 /* NSString+MethodList.h */ = {isa = PBXFileReference; fileEncoding = 4; lastKnownFileType = sourcecode.c.h; name = "NSString+MethodList.h"; path = "ColorHelpers/NSString+MethodList.h"; sourceTree = "<group>"; };
		A924F92118251C19001860E2 /* NSString+MethodList.m */ = {isa = PBXFileReference; fileEncoding = 4; lastKnownFileType = sourcecode.c.objc; name = "NSString+MethodList.m"; path = "ColorHelpers/NSString+MethodList.m"; sourceTree = "<group>"; };
		A924F92318251C44001860E2 /* NSArray+StringHelper.h */ = {isa = PBXFileReference; fileEncoding = 4; lastKnownFileType = sourcecode.c.h; name = "NSArray+StringHelper.h"; path = "ColorHelpers/NSArray+StringHelper.h"; sourceTree = "<group>"; };
		A924F92418251C44001860E2 /* NSArray+StringHelper.m */ = {isa = PBXFileReference; fileEncoding = 4; lastKnownFileType = sourcecode.c.objc; name = "NSArray+StringHelper.m"; path = "ColorHelpers/NSArray+StringHelper.m"; sourceTree = "<group>"; };
		A947BB5318264EEA00BB88E7 /* UIColor+HexString.h */ = {isa = PBXFileReference; fileEncoding = 4; lastKnownFileType = sourcecode.c.h; name = "UIColor+HexString.h"; path = "ColorHelpers/UIColor+HexString.h"; sourceTree = "<group>"; };
		A947BB5418264EEA00BB88E7 /* UIColor+HexString.m */ = {isa = PBXFileReference; fileEncoding = 4; lastKnownFileType = sourcecode.c.objc; name = "UIColor+HexString.m"; path = "ColorHelpers/UIColor+HexString.m"; sourceTree = "<group>"; };
		A947BB5618265E9900BB88E7 /* UIColor+Copic.h */ = {isa = PBXFileReference; fileEncoding = 4; lastKnownFileType = sourcecode.c.h; name = "UIColor+Copic.h"; path = "Colors/UIColor+Copic.h"; sourceTree = "<group>"; };
		A947BB5718265E9900BB88E7 /* UIColor+Copic.m */ = {isa = PBXFileReference; fileEncoding = 4; lastKnownFileType = sourcecode.c.objc; name = "UIColor+Copic.m"; path = "Colors/UIColor+Copic.m"; sourceTree = "<group>"; };
		A947BB5818265E9900BB88E7 /* UIColor+Crayola.h */ = {isa = PBXFileReference; fileEncoding = 4; lastKnownFileType = sourcecode.c.h; name = "UIColor+Crayola.h"; path = "Colors/UIColor+Crayola.h"; sourceTree = "<group>"; };
		A947BB5918265E9900BB88E7 /* UIColor+Crayola.m */ = {isa = PBXFileReference; fileEncoding = 4; lastKnownFileType = sourcecode.c.objc; name = "UIColor+Crayola.m"; path = "Colors/UIColor+Crayola.m"; sourceTree = "<group>"; };
		A947BB5A18265E9900BB88E7 /* UIColor+Html.h */ = {isa = PBXFileReference; fileEncoding = 4; lastKnownFileType = sourcecode.c.h; name = "UIColor+Html.h"; path = "Colors/UIColor+Html.h"; sourceTree = "<group>"; };
		A947BB5B18265E9900BB88E7 /* UIColor+Html.m */ = {isa = PBXFileReference; fileEncoding = 4; lastKnownFileType = sourcecode.c.objc; name = "UIColor+Html.m"; path = "Colors/UIColor+Html.m"; sourceTree = "<group>"; };
		A947BB5C18265E9900BB88E7 /* UIColor+Pantone.h */ = {isa = PBXFileReference; fileEncoding = 4; lastKnownFileType = sourcecode.c.h; name = "UIColor+Pantone.h"; path = "Colors/UIColor+Pantone.h"; sourceTree = "<group>"; };
		A947BB5D18265E9900BB88E7 /* UIColor+Pantone.m */ = {isa = PBXFileReference; fileEncoding = 4; lastKnownFileType = sourcecode.c.objc; name = "UIColor+Pantone.m"; path = "Colors/UIColor+Pantone.m"; sourceTree = "<group>"; };
		A9C708FE1823BBE5006DC1B5 /* ColorPalettes.app */ = {isa = PBXFileReference; explicitFileType = wrapper.application; includeInIndex = 0; path = ColorPalettes.app; sourceTree = BUILT_PRODUCTS_DIR; };
		A9C709011823BBE5006DC1B5 /* Foundation.framework */ = {isa = PBXFileReference; lastKnownFileType = wrapper.framework; name = Foundation.framework; path = System/Library/Frameworks/Foundation.framework; sourceTree = SDKROOT; };
		A9C709031823BBE5006DC1B5 /* CoreGraphics.framework */ = {isa = PBXFileReference; lastKnownFileType = wrapper.framework; name = CoreGraphics.framework; path = System/Library/Frameworks/CoreGraphics.framework; sourceTree = SDKROOT; };
		A9C709051823BBE5006DC1B5 /* UIKit.framework */ = {isa = PBXFileReference; lastKnownFileType = wrapper.framework; name = UIKit.framework; path = System/Library/Frameworks/UIKit.framework; sourceTree = SDKROOT; };
		A9C709091823BBE5006DC1B5 /* ColorPalettes-Info.plist */ = {isa = PBXFileReference; lastKnownFileType = text.plist.xml; path = "ColorPalettes-Info.plist"; sourceTree = "<group>"; };
		A9C7090B1823BBE5006DC1B5 /* en */ = {isa = PBXFileReference; lastKnownFileType = text.plist.strings; name = en; path = en.lproj/InfoPlist.strings; sourceTree = "<group>"; };
		A9C7090D1823BBE5006DC1B5 /* main.m */ = {isa = PBXFileReference; lastKnownFileType = sourcecode.c.objc; path = main.m; sourceTree = "<group>"; };
		A9C7090F1823BBE5006DC1B5 /* ColorPalettes-Prefix.pch */ = {isa = PBXFileReference; lastKnownFileType = sourcecode.c.h; path = "ColorPalettes-Prefix.pch"; sourceTree = "<group>"; };
		A9C709101823BBE5006DC1B5 /* MMJAppDelegate.h */ = {isa = PBXFileReference; lastKnownFileType = sourcecode.c.h; path = MMJAppDelegate.h; sourceTree = "<group>"; };
		A9C709111823BBE5006DC1B5 /* MMJAppDelegate.m */ = {isa = PBXFileReference; lastKnownFileType = sourcecode.c.objc; path = MMJAppDelegate.m; sourceTree = "<group>"; };
		A9C709131823BBE5006DC1B5 /* Images.xcassets */ = {isa = PBXFileReference; lastKnownFileType = folder.assetcatalog; path = Images.xcassets; sourceTree = "<group>"; };
		A9C709191823BBE5006DC1B5 /* ColorPalettesTests.xctest */ = {isa = PBXFileReference; explicitFileType = wrapper.cfbundle; includeInIndex = 0; path = ColorPalettesTests.xctest; sourceTree = BUILT_PRODUCTS_DIR; };
		A9C7091A1823BBE5006DC1B5 /* XCTest.framework */ = {isa = PBXFileReference; lastKnownFileType = wrapper.framework; name = XCTest.framework; path = Library/Frameworks/XCTest.framework; sourceTree = DEVELOPER_DIR; };
		A9C709221823BBE5006DC1B5 /* ColorPalettesTests-Info.plist */ = {isa = PBXFileReference; lastKnownFileType = text.plist.xml; path = "ColorPalettesTests-Info.plist"; sourceTree = "<group>"; };
		A9C709241823BBE5006DC1B5 /* en */ = {isa = PBXFileReference; lastKnownFileType = text.plist.strings; name = en; path = en.lproj/InfoPlist.strings; sourceTree = "<group>"; };
		A9C709261823BBE5006DC1B5 /* ColorPalettesTests.m */ = {isa = PBXFileReference; lastKnownFileType = sourcecode.c.objc; path = ColorPalettesTests.m; sourceTree = "<group>"; };
/* End PBXFileReference section */

/* Begin PBXFrameworksBuildPhase section */
		A9C708FB1823BBE5006DC1B5 /* Frameworks */ = {
			isa = PBXFrameworksBuildPhase;
			buildActionMask = 2147483647;
			files = (
				A9C709041823BBE5006DC1B5 /* CoreGraphics.framework in Frameworks */,
				A9C709061823BBE5006DC1B5 /* UIKit.framework in Frameworks */,
				A9C709021823BBE5006DC1B5 /* Foundation.framework in Frameworks */,
			);
			runOnlyForDeploymentPostprocessing = 0;
		};
		A9C709161823BBE5006DC1B5 /* Frameworks */ = {
			isa = PBXFrameworksBuildPhase;
			buildActionMask = 2147483647;
			files = (
				A9C7091B1823BBE5006DC1B5 /* XCTest.framework in Frameworks */,
				A9C7091D1823BBE5006DC1B5 /* UIKit.framework in Frameworks */,
				A9C7091C1823BBE5006DC1B5 /* Foundation.framework in Frameworks */,
			);
			runOnlyForDeploymentPostprocessing = 0;
		};
/* End PBXFrameworksBuildPhase section */

/* Begin PBXGroup section */
		A924F90018250E32001860E2 /* Colors */ = {
			isa = PBXGroup;
			children = (
				A924F90C18251529001860E2 /* MMJColorPalettes.h */,
				A924F90D18251529001860E2 /* MMJColorPalettes.m */,
				A947BB5618265E9900BB88E7 /* UIColor+Copic.h */,
				A947BB5718265E9900BB88E7 /* UIColor+Copic.m */,
				A947BB5818265E9900BB88E7 /* UIColor+Crayola.h */,
				A947BB5918265E9900BB88E7 /* UIColor+Crayola.m */,
				A947BB5A18265E9900BB88E7 /* UIColor+Html.h */,
				A947BB5B18265E9900BB88E7 /* UIColor+Html.m */,
				A947BB5C18265E9900BB88E7 /* UIColor+Pantone.h */,
				A947BB5D18265E9900BB88E7 /* UIColor+Pantone.m */,
				A9220934182D512600E322F5 /* UIColor+Crayon.h */,
				A9220935182D512600E322F5 /* UIColor+Crayon.m */,
			);
			name = Colors;
			sourceTree = "<group>";
		};
		A924F905182510B8001860E2 /* ViewControllers */ = {
			isa = PBXGroup;
			children = (
				A924F902182510B3001860E2 /* MMJColorPaletteChooserViewController.h */,
				A924F903182510B3001860E2 /* MMJColorPaletteChooserViewController.m */,
				A924F9091825144A001860E2 /* MMJColorPaletteViewController.h */,
				A924F90A1825144A001860E2 /* MMJColorPaletteViewController.m */,
			);
			name = ViewControllers;
			sourceTree = "<group>";
		};
		A924F91F18251BDF001860E2 /* Color helpers */ = {
			isa = PBXGroup;
			children = (
				A947BB5318264EEA00BB88E7 /* UIColor+HexString.h */,
				A947BB5418264EEA00BB88E7 /* UIColor+HexString.m */,
				A924F92018251C19001860E2 /* NSString+MethodList.h */,
				A924F92118251C19001860E2 /* NSString+MethodList.m */,
				A924F92318251C44001860E2 /* NSArray+StringHelper.h */,
				A924F92418251C44001860E2 /* NSArray+StringHelper.m */,
				A924F91C18251BD7001860E2 /* UIColor+StandardColors.h */,
				A924F91D18251BD7001860E2 /* UIColor+StandardColors.m */,
			);
			name = "Color helpers";
			sourceTree = "<group>";
		};
		A9C708F51823BBE4006DC1B5 = {
			isa = PBXGroup;
			children = (
				A9C709071823BBE5006DC1B5 /* ColorPalettes */,
				A9C709201823BBE5006DC1B5 /* ColorPalettesTests */,
				A9C709001823BBE5006DC1B5 /* Frameworks */,
				A9C708FF1823BBE5006DC1B5 /* Products */,
			);
			sourceTree = "<group>";
		};
		A9C708FF1823BBE5006DC1B5 /* Products */ = {
			isa = PBXGroup;
			children = (
				A9C708FE1823BBE5006DC1B5 /* ColorPalettes.app */,
				A9C709191823BBE5006DC1B5 /* ColorPalettesTests.xctest */,
			);
			name = Products;
			sourceTree = "<group>";
		};
		A9C709001823BBE5006DC1B5 /* Frameworks */ = {
			isa = PBXGroup;
			children = (
				A9C709011823BBE5006DC1B5 /* Foundation.framework */,
				A9C709031823BBE5006DC1B5 /* CoreGraphics.framework */,
				A9C709051823BBE5006DC1B5 /* UIKit.framework */,
				A9C7091A1823BBE5006DC1B5 /* XCTest.framework */,
			);
			name = Frameworks;
			sourceTree = "<group>";
		};
		A9C709071823BBE5006DC1B5 /* ColorPalettes */ = {
			isa = PBXGroup;
			children = (
				A9C709101823BBE5006DC1B5 /* MMJAppDelegate.h */,
				A9C709111823BBE5006DC1B5 /* MMJAppDelegate.m */,
				A924F905182510B8001860E2 /* ViewControllers */,
				A924F90018250E32001860E2 /* Colors */,
				A924F91F18251BDF001860E2 /* Color helpers */,
				A9C709131823BBE5006DC1B5 /* Images.xcassets */,
				A9C709081823BBE5006DC1B5 /* Supporting Files */,
			);
			path = ColorPalettes;
			sourceTree = "<group>";
		};
		A9C709081823BBE5006DC1B5 /* Supporting Files */ = {
			isa = PBXGroup;
			children = (
				A9C709091823BBE5006DC1B5 /* ColorPalettes-Info.plist */,
				A9C7090A1823BBE5006DC1B5 /* InfoPlist.strings */,
				A9C7090D1823BBE5006DC1B5 /* main.m */,
				A9C7090F1823BBE5006DC1B5 /* ColorPalettes-Prefix.pch */,
			);
			name = "Supporting Files";
			sourceTree = "<group>";
		};
		A9C709201823BBE5006DC1B5 /* ColorPalettesTests */ = {
			isa = PBXGroup;
			children = (
				A9C709261823BBE5006DC1B5 /* ColorPalettesTests.m */,
				A9C709211823BBE5006DC1B5 /* Supporting Files */,
			);
			path = ColorPalettesTests;
			sourceTree = "<group>";
		};
		A9C709211823BBE5006DC1B5 /* Supporting Files */ = {
			isa = PBXGroup;
			children = (
				A9C709221823BBE5006DC1B5 /* ColorPalettesTests-Info.plist */,
				A9C709231823BBE5006DC1B5 /* InfoPlist.strings */,
			);
			name = "Supporting Files";
			sourceTree = "<group>";
		};
/* End PBXGroup section */

/* Begin PBXNativeTarget section */
		A9C708FD1823BBE5006DC1B5 /* ColorPalettes */ = {
			isa = PBXNativeTarget;
			buildConfigurationList = A9C7092A1823BBE5006DC1B5 /* Build configuration list for PBXNativeTarget "ColorPalettes" */;
			buildPhases = (
				A9C708FA1823BBE5006DC1B5 /* Sources */,
				A9C708FB1823BBE5006DC1B5 /* Frameworks */,
				A9C708FC1823BBE5006DC1B5 /* Resources */,
			);
			buildRules = (
			);
			dependencies = (
			);
			name = ColorPalettes;
			productName = ColorPalettes;
			productReference = A9C708FE1823BBE5006DC1B5 /* ColorPalettes.app */;
			productType = "com.apple.product-type.application";
		};
		A9C709181823BBE5006DC1B5 /* ColorPalettesTests */ = {
			isa = PBXNativeTarget;
			buildConfigurationList = A9C7092D1823BBE5006DC1B5 /* Build configuration list for PBXNativeTarget "ColorPalettesTests" */;
			buildPhases = (
				A9C709151823BBE5006DC1B5 /* Sources */,
				A9C709161823BBE5006DC1B5 /* Frameworks */,
				A9C709171823BBE5006DC1B5 /* Resources */,
			);
			buildRules = (
			);
			dependencies = (
				A9C7091F1823BBE5006DC1B5 /* PBXTargetDependency */,
			);
			name = ColorPalettesTests;
			productName = ColorPalettesTests;
			productReference = A9C709191823BBE5006DC1B5 /* ColorPalettesTests.xctest */;
			productType = "com.apple.product-type.bundle.unit-test";
		};
/* End PBXNativeTarget section */

/* Begin PBXProject section */
		A9C708F61823BBE4006DC1B5 /* Project object */ = {
			isa = PBXProject;
			attributes = {
				CLASSPREFIX = MMJ;
				LastUpgradeCheck = 0500;
				ORGANIZATIONNAME = "Token d.o.o.";
				TargetAttributes = {
					A9C709181823BBE5006DC1B5 = {
						TestTargetID = A9C708FD1823BBE5006DC1B5;
					};
				};
			};
			buildConfigurationList = A9C708F91823BBE4006DC1B5 /* Build configuration list for PBXProject "ColorPalettes" */;
			compatibilityVersion = "Xcode 3.2";
			developmentRegion = English;
			hasScannedForEncodings = 0;
			knownRegions = (
				en,
			);
			mainGroup = A9C708F51823BBE4006DC1B5;
			productRefGroup = A9C708FF1823BBE5006DC1B5 /* Products */;
			projectDirPath = "";
			projectRoot = "";
			targets = (
				A9C708FD1823BBE5006DC1B5 /* ColorPalettes */,
				A9C709181823BBE5006DC1B5 /* ColorPalettesTests */,
			);
		};
/* End PBXProject section */

/* Begin PBXResourcesBuildPhase section */
		A9C708FC1823BBE5006DC1B5 /* Resources */ = {
			isa = PBXResourcesBuildPhase;
			buildActionMask = 2147483647;
			files = (
				A9C7090C1823BBE5006DC1B5 /* InfoPlist.strings in Resources */,
				A9C709141823BBE5006DC1B5 /* Images.xcassets in Resources */,
			);
			runOnlyForDeploymentPostprocessing = 0;
		};
		A9C709171823BBE5006DC1B5 /* Resources */ = {
			isa = PBXResourcesBuildPhase;
			buildActionMask = 2147483647;
			files = (
				A9C709251823BBE5006DC1B5 /* InfoPlist.strings in Resources */,
			);
			runOnlyForDeploymentPostprocessing = 0;
		};
/* End PBXResourcesBuildPhase section */

/* Begin PBXSourcesBuildPhase section */
		A9C708FA1823BBE5006DC1B5 /* Sources */ = {
			isa = PBXSourcesBuildPhase;
			buildActionMask = 2147483647;
			files = (
				A924F92218251C19001860E2 /* NSString+MethodList.m in Sources */,
				A924F90E18251529001860E2 /* MMJColorPalettes.m in Sources */,
				A947BB5E18265E9900BB88E7 /* UIColor+Copic.m in Sources */,
				A9C7090E1823BBE5006DC1B5 /* main.m in Sources */,
				A924F90B1825144A001860E2 /* MMJColorPaletteViewController.m in Sources */,
				A9220936182D512600E322F5 /* UIColor+Crayon.m in Sources */,
				A924F92518251C44001860E2 /* NSArray+StringHelper.m in Sources */,
				A9C709121823BBE5006DC1B5 /* MMJAppDelegate.m in Sources */,
				A947BB5F18265E9900BB88E7 /* UIColor+Crayola.m in Sources */,
				A924F91E18251BD7001860E2 /* UIColor+StandardColors.m in Sources */,
				A924F904182510B3001860E2 /* MMJColorPaletteChooserViewController.m in Sources */,
				A947BB6018265E9900BB88E7 /* UIColor+Html.m in Sources */,
				A947BB5518264EEA00BB88E7 /* UIColor+HexString.m in Sources */,
				A947BB6118265E9900BB88E7 /* UIColor+Pantone.m in Sources */,
			);
			runOnlyForDeploymentPostprocessing = 0;
		};
		A9C709151823BBE5006DC1B5 /* Sources */ = {
			isa = PBXSourcesBuildPhase;
			buildActionMask = 2147483647;
			files = (
				A9C709271823BBE5006DC1B5 /* ColorPalettesTests.m in Sources */,
			);
			runOnlyForDeploymentPostprocessing = 0;
		};
/* End PBXSourcesBuildPhase section */

/* Begin PBXTargetDependency section */
		A9C7091F1823BBE5006DC1B5 /* PBXTargetDependency */ = {
			isa = PBXTargetDependency;
			target = A9C708FD1823BBE5006DC1B5 /* ColorPalettes */;
			targetProxy = A9C7091E1823BBE5006DC1B5 /* PBXContainerItemProxy */;
		};
/* End PBXTargetDependency section */

/* Begin PBXVariantGroup section */
		A9C7090A1823BBE5006DC1B5 /* InfoPlist.strings */ = {
			isa = PBXVariantGroup;
			children = (
				A9C7090B1823BBE5006DC1B5 /* en */,
			);
			name = InfoPlist.strings;
			sourceTree = "<group>";
		};
		A9C709231823BBE5006DC1B5 /* InfoPlist.strings */ = {
			isa = PBXVariantGroup;
			children = (
				A9C709241823BBE5006DC1B5 /* en */,
			);
			name = InfoPlist.strings;
			sourceTree = "<group>";
		};
/* End PBXVariantGroup section */

/* Begin XCBuildConfiguration section */
		A9C709281823BBE5006DC1B5 /* Debug */ = {
			isa = XCBuildConfiguration;
			buildSettings = {
				ALWAYS_SEARCH_USER_PATHS = NO;
				ARCHS = "$(ARCHS_STANDARD_INCLUDING_64_BIT)";
				CLANG_CXX_LANGUAGE_STANDARD = "gnu++0x";
				CLANG_CXX_LIBRARY = "libc++";
				CLANG_ENABLE_MODULES = YES;
				CLANG_ENABLE_OBJC_ARC = YES;
				CLANG_WARN_BOOL_CONVERSION = YES;
				CLANG_WARN_CONSTANT_CONVERSION = YES;
				CLANG_WARN_DIRECT_OBJC_ISA_USAGE = YES_ERROR;
				CLANG_WARN_EMPTY_BODY = YES;
				CLANG_WARN_ENUM_CONVERSION = YES;
				CLANG_WARN_INT_CONVERSION = YES;
				CLANG_WARN_OBJC_ROOT_CLASS = YES_ERROR;
				CLANG_WARN__DUPLICATE_METHOD_MATCH = YES;
				"CODE_SIGN_IDENTITY[sdk=iphoneos*]" = "iPhone Developer";
				COPY_PHASE_STRIP = NO;
				GCC_C_LANGUAGE_STANDARD = gnu99;
				GCC_DYNAMIC_NO_PIC = NO;
				GCC_OPTIMIZATION_LEVEL = 0;
				GCC_PREPROCESSOR_DEFINITIONS = (
					"DEBUG=1",
					"$(inherited)",
				);
				GCC_SYMBOLS_PRIVATE_EXTERN = NO;
				GCC_WARN_64_TO_32_BIT_CONVERSION = YES;
				GCC_WARN_ABOUT_RETURN_TYPE = YES_ERROR;
				GCC_WARN_UNDECLARED_SELECTOR = YES;
				GCC_WARN_UNINITIALIZED_AUTOS = YES;
				GCC_WARN_UNUSED_FUNCTION = YES;
				GCC_WARN_UNUSED_VARIABLE = YES;
				IPHONEOS_DEPLOYMENT_TARGET = 7.0;
				ONLY_ACTIVE_ARCH = YES;
				SDKROOT = iphoneos6.1;
			};
			name = Debug;
		};
		A9C709291823BBE5006DC1B5 /* Release */ = {
			isa = XCBuildConfiguration;
			buildSettings = {
				ALWAYS_SEARCH_USER_PATHS = NO;
				ARCHS = "$(ARCHS_STANDARD_INCLUDING_64_BIT)";
				CLANG_CXX_LANGUAGE_STANDARD = "gnu++0x";
				CLANG_CXX_LIBRARY = "libc++";
				CLANG_ENABLE_MODULES = YES;
				CLANG_ENABLE_OBJC_ARC = YES;
				CLANG_WARN_BOOL_CONVERSION = YES;
				CLANG_WARN_CONSTANT_CONVERSION = YES;
				CLANG_WARN_DIRECT_OBJC_ISA_USAGE = YES_ERROR;
				CLANG_WARN_EMPTY_BODY = YES;
				CLANG_WARN_ENUM_CONVERSION = YES;
				CLANG_WARN_INT_CONVERSION = YES;
				CLANG_WARN_OBJC_ROOT_CLASS = YES_ERROR;
				CLANG_WARN__DUPLICATE_METHOD_MATCH = YES;
				"CODE_SIGN_IDENTITY[sdk=iphoneos*]" = "iPhone Developer";
				COPY_PHASE_STRIP = YES;
				ENABLE_NS_ASSERTIONS = NO;
				GCC_C_LANGUAGE_STANDARD = gnu99;
				GCC_WARN_64_TO_32_BIT_CONVERSION = YES;
				GCC_WARN_ABOUT_RETURN_TYPE = YES_ERROR;
				GCC_WARN_UNDECLARED_SELECTOR = YES;
				GCC_WARN_UNINITIALIZED_AUTOS = YES;
				GCC_WARN_UNUSED_FUNCTION = YES;
				GCC_WARN_UNUSED_VARIABLE = YES;
				IPHONEOS_DEPLOYMENT_TARGET = 7.0;
				SDKROOT = iphoneos6.1;
				VALIDATE_PRODUCT = YES;
			};
			name = Release;
		};
		A9C7092B1823BBE5006DC1B5 /* Debug */ = {
			isa = XCBuildConfiguration;
			buildSettings = {
				ASSETCATALOG_COMPILER_APPICON_NAME = AppIcon;
				ASSETCATALOG_COMPILER_LAUNCHIMAGE_NAME = LaunchImage;
				GCC_PRECOMPILE_PREFIX_HEADER = YES;
				GCC_PREFIX_HEADER = "ColorPalettes/ColorPalettes-Prefix.pch";
				INFOPLIST_FILE = "ColorPalettes/ColorPalettes-Info.plist";
				PRODUCT_NAME = "$(TARGET_NAME)";
				WRAPPER_EXTENSION = app;
			};
			name = Debug;
		};
		A9C7092C1823BBE5006DC1B5 /* Release */ = {
			isa = XCBuildConfiguration;
			buildSettings = {
				ASSETCATALOG_COMPILER_APPICON_NAME = AppIcon;
				ASSETCATALOG_COMPILER_LAUNCHIMAGE_NAME = LaunchImage;
				GCC_PRECOMPILE_PREFIX_HEADER = YES;
				GCC_PREFIX_HEADER = "ColorPalettes/ColorPalettes-Prefix.pch";
				INFOPLIST_FILE = "ColorPalettes/ColorPalettes-Info.plist";
				PRODUCT_NAME = "$(TARGET_NAME)";
				WRAPPER_EXTENSION = app;
			};
			name = Release;
		};
		A9C7092E1823BBE5006DC1B5 /* Debug */ = {
			isa = XCBuildConfiguration;
			buildSettings = {
				ARCHS = "$(ARCHS_STANDARD_INCLUDING_64_BIT)";
				BUNDLE_LOADER = "$(BUILT_PRODUCTS_DIR)/ColorPalettes.app/ColorPalettes";
				FRAMEWORK_SEARCH_PATHS = (
					"$(SDKROOT)/Developer/Library/Frameworks",
					"$(inherited)",
					"$(DEVELOPER_FRAMEWORKS_DIR)",
				);
				GCC_PRECOMPILE_PREFIX_HEADER = YES;
				GCC_PREFIX_HEADER = "ColorPalettes/ColorPalettes-Prefix.pch";
				GCC_PREPROCESSOR_DEFINITIONS = (
					"DEBUG=1",
					"$(inherited)",
				);
				INFOPLIST_FILE = "ColorPalettesTests/ColorPalettesTests-Info.plist";
				PRODUCT_NAME = "$(TARGET_NAME)";
				TEST_HOST = "$(BUNDLE_LOADER)";
				WRAPPER_EXTENSION = xctest;
			};
			name = Debug;
		};
		A9C7092F1823BBE5006DC1B5 /* Release */ = {
			isa = XCBuildConfiguration;
			buildSettings = {
				ARCHS = "$(ARCHS_STANDARD_INCLUDING_64_BIT)";
				BUNDLE_LOADER = "$(BUILT_PRODUCTS_DIR)/ColorPalettes.app/ColorPalettes";
				FRAMEWORK_SEARCH_PATHS = (
					"$(SDKROOT)/Developer/Library/Frameworks",
					"$(inherited)",
					"$(DEVELOPER_FRAMEWORKS_DIR)",
				);
				GCC_PRECOMPILE_PREFIX_HEADER = YES;
				GCC_PREFIX_HEADER = "ColorPalettes/ColorPalettes-Prefix.pch";
				INFOPLIST_FILE = "ColorPalettesTests/ColorPalettesTests-Info.plist";
				PRODUCT_NAME = "$(TARGET_NAME)";
				TEST_HOST = "$(BUNDLE_LOADER)";
				WRAPPER_EXTENSION = xctest;
			};
			name = Release;
		};
/* End XCBuildConfiguration section */

/* Begin XCConfigurationList section */
		A9C708F91823BBE4006DC1B5 /* Build configuration list for PBXProject "ColorPalettes" */ = {
			isa = XCConfigurationList;
			buildConfigurations = (
				A9C709281823BBE5006DC1B5 /* Debug */,
				A9C709291823BBE5006DC1B5 /* Release */,
			);
			defaultConfigurationIsVisible = 0;
			defaultConfigurationName = Release;
		};
		A9C7092A1823BBE5006DC1B5 /* Build configuration list for PBXNativeTarget "ColorPalettes" */ = {
			isa = XCConfigurationList;
			buildConfigurations = (
				A9C7092B1823BBE5006DC1B5 /* Debug */,
				A9C7092C1823BBE5006DC1B5 /* Release */,
			);
			defaultConfigurationIsVisible = 0;
			defaultConfigurationName = Release;
		};
		A9C7092D1823BBE5006DC1B5 /* Build configuration list for PBXNativeTarget "ColorPalettesTests" */ = {
			isa = XCConfigurationList;
			buildConfigurations = (
				A9C7092E1823BBE5006DC1B5 /* Debug */,
				A9C7092F1823BBE5006DC1B5 /* Release */,
			);
			defaultConfigurationIsVisible = 0;
			defaultConfigurationName = Release;
		};
/* End XCConfigurationList section */
	};
	rootObject = A9C708F61823BBE4006DC1B5 /* Project object */;
}
